{
    "_readme": [
        "This file locks the dependencies of your project to a known state",
        "Read more about it at https://getcomposer.org/doc/01-basic-usage.md#installing-dependencies",
        "This file is @generated automatically"
    ],
    "content-hash": "efa2bd45c0063314e54bfdffd611f4d3",
    "packages": [
        {
            "name": "kornrunner/blurhash",
            "version": "v1.2.1",
            "source": {
                "type": "git",
                "url": "https://github.com/kornrunner/php-blurhash.git",
                "reference": "7dde9c0c7ee7e688dc79fb7770ee110ed308ffc7"
            },
            "dist": {
                "type": "zip",
                "url": "https://api.github.com/repos/kornrunner/php-blurhash/zipball/7dde9c0c7ee7e688dc79fb7770ee110ed308ffc7",
                "reference": "7dde9c0c7ee7e688dc79fb7770ee110ed308ffc7",
                "shasum": "",
                "mirrors": [
                    {
                        "url": "https://mirrors.aliyun.com/composer/dists/%package%/%reference%.%type%",
                        "preferred": true
                    }
                ]
            },
            "require": {
                "php": "^7.3|^8.0"
            },
            "require-dev": {
                "ocramius/package-versions": "^1.4|^2.0",
                "phpstan/phpstan": "^0.12",
                "phpunit/phpunit": "^9",
                "vimeo/psalm": "^4.3"
            },
            "type": "library",
            "autoload": {
                "psr-4": {
                    "kornrunner\\Blurhash\\": "src"
                }
            },
            "notification-url": "https://packagist.org/downloads/",
            "license": [
                "MIT"
            ],
            "authors": [
                {
                    "name": "Boris Momčilović",
                    "email": "boris.momcilovic@gmail.com"
                }
            ],
            "description": "Pure PHP implementation of Blurhash",
            "homepage": "https://github.com/kornrunner/php-blurhash",
            "time": "2021-01-18T11:17:12+00:00"
        }
    ],
    "packages-dev": [],
    "aliases": [],
    "minimum-stability": "stable",
    "stability-flags": [],
    "prefer-stable": false,
    "prefer-lowest": false,
    "platform": [],
    "platform-dev": []
}
